
Microsoft Visual Studio Solution File, Format Version 12.00
# Visual Studio Version 17
VisualStudioVersion = 17.3.32922.545
MinimumVisualStudioVersion = 10.0.40219.1
Project("{2150E333-8FDC-42A3-9474-1A3956D46DE8}") = "1 - Application", "1 - Application", "{63B39B8A-EBBC-49BE-9BC3-9EA7E32A5EEE}"
EndProject
Project("{2150E333-8FDC-42A3-9474-1A3956D46DE8}") = "2 - Domain", "2 - Domain", "{9E45EDFB-E3E2-4F74-B23E-29E0E8F11084}"
EndProject
Project("{2150E333-8FDC-42A3-9474-1A3956D46DE8}") = "99 - Tests", "99 - Tests", "{645759D5-A95D-4070-9E04-A955FC311FC7}"
EndProject
Project("{2150E333-8FDC-42A3-9474-1A3956D46DE8}") = "3 - Infra", "3 - Infra", "{F7D298DB-0831-4623-99B9-3618DE53A6AC}"
EndProject
Project("{2150E333-8FDC-42A3-9474-1A3956D46DE8}") = "3.2 - Data", "3.2 - Data", "{D3DC63BE-A284-4B82-8BB0-DB27C892AF6D}"
EndProject
Project("{2150E333-8FDC-42A3-9474-1A3956D46DE8}") = "3.1 - Container", "3.1 - Container", "{45C84925-243D-486F-9628-1B69ACA0E472}"
EndProject
Project("{2150E333-8FDC-42A3-9474-1A3956D46DE8}") = "4 - Services", "4 - Services", "{088626D4-1109-42D7-ABE5-55ECB4AA9BF6}"
EndProject
Project("{FAE04EC0-301F-11D3-BF4B-00C04F79EFBC}") = "AppChurch.API", "AppChurch.API\AppChurch.API.csproj", "{B76E2BE8-75FF-4A61-8A97-B922F5FFE538}"
EndProject
Project("{FAE04EC0-301F-11D3-BF4B-00C04F79EFBC}") = "AppChurch.Domain", "AppChurch.Domain\AppChurch.Domain.csproj", "{38D2A832-D35B-4C10-A20F-0DE4024B2A59}"
EndProject
Project("{FAE04EC0-301F-11D3-BF4B-00C04F79EFBC}") = "AppChurch.Container", "AppChurch.Container\AppChurch.Container.csproj", "{DF79010D-6A43-425B-ABDF-3179260A9D2F}"
EndProject
Project("{FAE04EC0-301F-11D3-BF4B-00C04F79EFBC}") = "AppChurch.Data", "AppChurch.Data\AppChurch.Data.csproj", "{F003AE8B-CD07-4D40-BCE3-FAC60851837C}"
EndProject
Project("{FAE04EC0-301F-11D3-BF4B-00C04F79EFBC}") = "AppChurch.Services", "AppChurch.Services\AppChurch.Services.csproj", "{33BF6A7B-2E25-4016-A2D6-AF483E27AF83}"
EndProject
Project("{FAE04EC0-301F-11D3-BF4B-00C04F79EFBC}") = "Appchurch.Test", "Appchurch.Test\Appchurch.Test.csproj", "{8262962B-3FE8-48BF-99CD-3C4DFA5507EA}"
EndProject
Global
	GlobalSection(SolutionConfigurationPlatforms) = preSolution
		Debug|Any CPU = Debug|Any CPU
		Release|Any CPU = Release|Any CPU
	EndGlobalSection
	GlobalSection(ProjectConfigurationPlatforms) = postSolution
		{B76E2BE8-75FF-4A61-8A97-B922F5FFE538}.Debug|Any CPU.ActiveCfg = Debug|Any CPU
		{B76E2BE8-75FF-4A61-8A97-B922F5FFE538}.Debug|Any CPU.Build.0 = Debug|Any CPU
		{B76E2BE8-75FF-4A61-8A97-B922F5FFE538}.Release|Any CPU.ActiveCfg = Release|Any CPU
		{B76E2BE8-75FF-4A61-8A97-B922F5FFE538}.Release|Any CPU.Build.0 = Release|Any CPU
		{38D2A832-D35B-4C10-A20F-0DE4024B2A59}.Debug|Any CPU.ActiveCfg = Debug|Any CPU
		{38D2A832-D35B-4C10-A20F-0DE4024B2A59}.Debug|Any CPU.Build.0 = Debug|Any CPU
		{38D2A832-D35B-4C10-A20F-0DE4024B2A59}.Release|Any CPU.ActiveCfg = Release|Any CPU
		{38D2A832-D35B-4C10-A20F-0DE4024B2A59}.Release|Any CPU.Build.0 = Release|Any CPU
		{DF79010D-6A43-425B-ABDF-3179260A9D2F}.Debug|Any CPU.ActiveCfg = Debug|Any CPU
		{DF79010D-6A43-425B-ABDF-3179260A9D2F}.Debug|Any CPU.Build.0 = Debug|Any CPU
		{DF79010D-6A43-425B-ABDF-3179260A9D2F}.Release|Any CPU.ActiveCfg = Release|Any CPU
		{DF79010D-6A43-425B-ABDF-3179260A9D2F}.Release|Any CPU.Build.0 = Release|Any CPU
		{F003AE8B-CD07-4D40-BCE3-FAC60851837C}.Debug|Any CPU.ActiveCfg = Debug|Any CPU
		{F003AE8B-CD07-4D40-BCE3-FAC60851837C}.Debug|Any CPU.Build.0 = Debug|Any CPU
		{F003AE8B-CD07-4D40-BCE3-FAC60851837C}.Release|Any CPU.ActiveCfg = Release|Any CPU
		{F003AE8B-CD07-4D40-BCE3-FAC60851837C}.Release|Any CPU.Build.0 = Release|Any CPU
		{33BF6A7B-2E25-4016-A2D6-AF483E27AF83}.Debug|Any CPU.ActiveCfg = Debug|Any CPU
		{33BF6A7B-2E25-4016-A2D6-AF483E27AF83}.Debug|Any CPU.Build.0 = Debug|Any CPU
		{33BF6A7B-2E25-4016-A2D6-AF483E27AF83}.Release|Any CPU.ActiveCfg = Release|Any CPU
		{33BF6A7B-2E25-4016-A2D6-AF483E27AF83}.Release|Any CPU.Build.0 = Release|Any CPU
		{8262962B-3FE8-48BF-99CD-3C4DFA5507EA}.Debug|Any CPU.ActiveCfg = Debug|Any CPU
		{8262962B-3FE8-48BF-99CD-3C4DFA5507EA}.Debug|Any CPU.Build.0 = Debug|Any CPU
		{8262962B-3FE8-48BF-99CD-3C4DFA5507EA}.Release|Any CPU.ActiveCfg = Release|Any CPU
		{8262962B-3FE8-48BF-99CD-3C4DFA5507EA}.Release|Any CPU.Build.0 = Release|Any CPU
	EndGlobalSection
	GlobalSection(SolutionProperties) = preSolution
		HideSolutionNode = FALSE
	EndGlobalSection
	GlobalSection(NestedProjects) = preSolution
		{D3DC63BE-A284-4B82-8BB0-DB27C892AF6D} = {F7D298DB-0831-4623-99B9-3618DE53A6AC}
		{45C84925-243D-486F-9628-1B69ACA0E472} = {F7D298DB-0831-4623-99B9-3618DE53A6AC}
		{B76E2BE8-75FF-4A61-8A97-B922F5FFE538} = {63B39B8A-EBBC-49BE-9BC3-9EA7E32A5EEE}
		{38D2A832-D35B-4C10-A20F-0DE4024B2A59} = {9E45EDFB-E3E2-4F74-B23E-29E0E8F11084}
		{DF79010D-6A43-425B-ABDF-3179260A9D2F} = {45C84925-243D-486F-9628-1B69ACA0E472}
		{F003AE8B-CD07-4D40-BCE3-FAC60851837C} = {D3DC63BE-A284-4B82-8BB0-DB27C892AF6D}
		{33BF6A7B-2E25-4016-A2D6-AF483E27AF83} = {088626D4-1109-42D7-ABE5-55ECB4AA9BF6}
		{8262962B-3FE8-48BF-99CD-3C4DFA5507EA} = {645759D5-A95D-4070-9E04-A955FC311FC7}
	EndGlobalSection
	GlobalSection(ExtensibilityGlobals) = postSolution
		SolutionGuid = {7B087F2F-6AB2-4072-B1BA-174819E66096}
	EndGlobalSection
EndGlobal
